
Microsoft Visual Studio Solution File, Format Version 12.00
# Visual Studio Version 17
VisualStudioVersion = 17.13.35931.197 d17.13
MinimumVisualStudioVersion = 10.0.40219.1
Project("{FAE04EC0-301F-11D3-BF4B-00C04F79EFBC}") = "ReservationService", "ReservationService.csproj", "{0869382A-6AE5-4DF4-8F1C-73ECF4F772A3}"
EndProject
Global
	GlobalSection(SolutionConfigurationPlatforms) = preSolution
		Debug|Any CPU = Debug|Any CPU
		Release|Any CPU = Release|Any CPU
	EndGlobalSection
	GlobalSection(ProjectConfigurationPlatforms) = postSolution
		{0869382A-6AE5-4DF4-8F1C-73ECF4F772A3}.Debug|Any CPU.ActiveCfg = Debug|Any CPU
		{0869382A-6AE5-4DF4-8F1C-73ECF4F772A3}.Debug|Any CPU.Build.0 = Debug|Any CPU
		{0869382A-6AE5-4DF4-8F1C-73ECF4F772A3}.Release|Any CPU.ActiveCfg = Release|Any CPU
		{0869382A-6AE5-4DF4-8F1C-73ECF4F772A3}.Release|Any CPU.Build.0 = Release|Any CPU
	EndGlobalSection
	GlobalSection(SolutionProperties) = preSolution
		HideSolutionNode = FALSE
	EndGlobalSection
	GlobalSection(ExtensibilityGlobals) = postSolution
		SolutionGuid = {C82E3623-E2AB-4FDA-8351-47245F85BEA4}
	EndGlobalSection
EndGlobal
